// !$*UTF8*$!
{
	archiveVersion = 1;
	classes = {
	};
	objectVersion = 53;
	objects = {

/* Begin PBXBuildFile section */
		F407B1ED26A445910085820E /* ResultViewController.swift in Sources */ = {isa = PBXBuildFile; fileRef = F407B1EC26A445910085820E /* ResultViewController.swift */; };
		F448540B268E578500D9DB1E /* CalculatorBrain.swift in Sources */ = {isa = PBXBuildFile; fileRef = F448540A268E578500D9DB1E /* CalculatorBrain.swift */; };
		F4A6A5E8269398DF006264E4 /* ThirdSide.swift in Sources */ = {isa = PBXBuildFile; fileRef = F4A6A5E7269398DF006264E4 /* ThirdSide.swift */; };
		F4CBCF78268254FE00609FD5 /* AppDelegate.swift in Sources */ = {isa = PBXBuildFile; fileRef = F4CBCF77268254FE00609FD5 /* AppDelegate.swift */; };
		F4CBCF7A268254FE00609FD5 /* SceneDelegate.swift in Sources */ = {isa = PBXBuildFile; fileRef = F4CBCF79268254FE00609FD5 /* SceneDelegate.swift */; };
		F4CBCF7C268254FE00609FD5 /* InputViewController.swift in Sources */ = {isa = PBXBuildFile; fileRef = F4CBCF7B268254FE00609FD5 /* InputViewController.swift */; };
		F4CBCF7F268254FE00609FD5 /* Main.storyboard in Resources */ = {isa = PBXBuildFile; fileRef = F4CBCF7D268254FE00609FD5 /* Main.storyboard */; };
		F4CBCF81268254FE00609FD5 /* Assets.xcassets in Resources */ = {isa = PBXBuildFile; fileRef = F4CBCF80268254FE00609FD5 /* Assets.xcassets */; };
		F4CBCF84268254FE00609FD5 /* LaunchScreen.storyboard in Resources */ = {isa = PBXBuildFile; fileRef = F4CBCF82268254FE00609FD5 /* LaunchScreen.storyboard */; };
/* End PBXBuildFile section */

/* Begin PBXFileReference section */
		F407B1EC26A445910085820E /* ResultViewController.swift */ = {isa = PBXFileReference; lastKnownFileType = sourcecode.swift; path = ResultViewController.swift; sourceTree = "<group>"; };
		F448540A268E578500D9DB1E /* CalculatorBrain.swift */ = {isa = PBXFileReference; lastKnownFileType = sourcecode.swift; name = CalculatorBrain.swift; path = "Pythagorean Finder/View/CalculatorBrain.swift"; sourceTree = SOURCE_ROOT; };
		F4A6A5E7269398DF006264E4 /* ThirdSide.swift */ = {isa = PBXFileReference; lastKnownFileType = sourcecode.swift; path = ThirdSide.swift; sourceTree = "<group>"; };
		F4BE79DC29DF78E50015F454 /* README.md */ = {isa = PBXFileReference; lastKnownFileType = net.daringfireball.markdown; name = README.md; path = "Pythagorean Finder/README.md"; sourceTree = "<group>"; };
		F4CBCF74268254FE00609FD5 /* Pythagorean Finder.app */ = {isa = PBXFileReference; explicitFileType = wrapper.application; includeInIndex = 0; path = "Pythagorean Finder.app"; sourceTree = BUILT_PRODUCTS_DIR; };
		F4CBCF77268254FE00609FD5 /* AppDelegate.swift */ = {isa = PBXFileReference; lastKnownFileType = sourcecode.swift; path = AppDelegate.swift; sourceTree = "<group>"; };
		F4CBCF79268254FE00609FD5 /* SceneDelegate.swift */ = {isa = PBXFileReference; lastKnownFileType = sourcecode.swift; path = SceneDelegate.swift; sourceTree = "<group>"; };
		F4CBCF7B268254FE00609FD5 /* InputViewController.swift */ = {isa = PBXFileReference; lastKnownFileType = sourcecode.swift; path = InputViewController.swift; sourceTree = "<group>"; };
		F4CBCF7E268254FE00609FD5 /* Base */ = {isa = PBXFileReference; lastKnownFileType = file.storyboard; name = Base; path = Base.lproj/Main.storyboard; sourceTree = "<group>"; };
		F4CBCF80268254FE00609FD5 /* Assets.xcassets */ = {isa = PBXFileReference; lastKnownFileType = folder.assetcatalog; path = Assets.xcassets; sourceTree = "<group>"; };
		F4CBCF83268254FE00609FD5 /* Base */ = {isa = PBXFileReference; lastKnownFileType = file.storyboard; name = Base; path = Base.lproj/LaunchScreen.storyboard; sourceTree = "<group>"; };
		F4CBCF85268254FE00609FD5 /* Info.plist */ = {isa = PBXFileReference; lastKnownFileType = text.plist.xml; path = Info.plist; sourceTree = "<group>"; };
/* End PBXFileReference section */

/* Begin PBXFrameworksBuildPhase section */
		F4CBCF71268254FE00609FD5 /* Frameworks */ = {
			isa = PBXFrameworksBuildPhase;
			buildActionMask = 2147483647;
			files = (
			);
			runOnlyForDeploymentPostprocessing = 0;
		};
/* End PBXFrameworksBuildPhase section */

/* Begin PBXGroup section */
		F41CAF6A268CE40B00054A6B /* Model */ = {
			isa = PBXGroup;
			children = (
				F448540A268E578500D9DB1E /* CalculatorBrain.swift */,
				F4A6A5E7269398DF006264E4 /* ThirdSide.swift */,
			);
			path = Model;
			sourceTree = "<group>";
		};
		F41CAF6B268CE41300054A6B /* View */ = {
			isa = PBXGroup;
			children = (
				F4CBCF7D268254FE00609FD5 /* Main.storyboard */,
			);
			path = View;
			sourceTree = "<group>";
		};
		F41CAF6C268CE41A00054A6B /* Controller */ = {
			isa = PBXGroup;
			children = (
				F4CBCF7B268254FE00609FD5 /* InputViewController.swift */,
				F407B1EC26A445910085820E /* ResultViewController.swift */,
			);
			path = Controller;
			sourceTree = "<group>";
		};
		F4CBCF6B268254FE00609FD5 = {
			isa = PBXGroup;
			children = (
				F4BE79DC29DF78E50015F454 /* README.md */,
				F4CBCF76268254FE00609FD5 /* Pythagorean Finder */,
				F4CBCF75268254FE00609FD5 /* Products */,
			);
			sourceTree = "<group>";
		};
		F4CBCF75268254FE00609FD5 /* Products */ = {
			isa = PBXGroup;
			children = (
				F4CBCF74268254FE00609FD5 /* Pythagorean Finder.app */,
			);
			name = Products;
			sourceTree = "<group>";
		};
		F4CBCF76268254FE00609FD5 /* Pythagorean Finder */ = {
			isa = PBXGroup;
			children = (
				F41CAF6A268CE40B00054A6B /* Model */,
				F41CAF6B268CE41300054A6B /* View */,
				F41CAF6C268CE41A00054A6B /* Controller */,
				F4CBCF77268254FE00609FD5 /* AppDelegate.swift */,
				F4CBCF79268254FE00609FD5 /* SceneDelegate.swift */,
				F4CBCF80268254FE00609FD5 /* Assets.xcassets */,
				F4CBCF82268254FE00609FD5 /* LaunchScreen.storyboard */,
				F4CBCF85268254FE00609FD5 /* Info.plist */,
			);
			path = "Pythagorean Finder";
			sourceTree = "<group>";
		};
/* End PBXGroup section */

/* Begin PBXNativeTarget section */
		F4CBCF73268254FE00609FD5 /* Pythagorean Finder */ = {
			isa = PBXNativeTarget;
			buildConfigurationList = F4CBCF88268254FE00609FD5 /* Build configuration list for PBXNativeTarget "Pythagorean Finder" */;
			buildPhases = (
				F4CBCF70268254FE00609FD5 /* Sources */,
				F4CBCF71268254FE00609FD5 /* Frameworks */,
				F4CBCF72268254FE00609FD5 /* Resources */,
			);
			buildRules = (
			);
			dependencies = (
			);
			name = "Pythagorean Finder";
			productName = "Pythagorean Finder";
			productReference = F4CBCF74268254FE00609FD5 /* Pythagorean Finder.app */;
			productType = "com.apple.product-type.application";
		};
/* End PBXNativeTarget section */

/* Begin PBXProject section */
		F4CBCF6C268254FE00609FD5 /* Project object */ = {
			isa = PBXProject;
			attributes = {
				BuildIndependentTargetsInParallel = YES;
				LastSwiftUpdateCheck = 1250;
				LastUpgradeCheck = 1430;
				TargetAttributes = {
					F4CBCF73268254FE00609FD5 = {
						CreatedOnToolsVersion = 12.5;
					};
				};
			};
			buildConfigurationList = F4CBCF6F268254FE00609FD5 /* Build configuration list for PBXProject "Pythagorean Finder" */;
			compatibilityVersion = "Xcode 9.3";
			developmentRegion = en;
			hasScannedForEncodings = 0;
			knownRegions = (
				en,
				Base,
			);
			mainGroup = F4CBCF6B268254FE00609FD5;
			productRefGroup = F4CBCF75268254FE00609FD5 /* Products */;
			projectDirPath = "";
			projectRoot = "";
			targets = (
				F4CBCF73268254FE00609FD5 /* Pythagorean Finder */,
			);
		};
/* End PBXProject section */

/* Begin PBXResourcesBuildPhase section */
		F4CBCF72268254FE00609FD5 /* Resources */ = {
			isa = PBXResourcesBuildPhase;
			buildActionMask = 2147483647;
			files = (
				F4CBCF84268254FE00609FD5 /* LaunchScreen.storyboard in Resources */,
				F4CBCF81268254FE00609FD5 /* Assets.xcassets in Resources */,
				F4CBCF7F268254FE00609FD5 /* Main.storyboard in Resources */,
			);
			runOnlyForDeploymentPostprocessing = 0;
		};
/* End PBXResourcesBuildPhase section */

/* Begin PBXSourcesBuildPhase section */
		F4CBCF70268254FE00609FD5 /* Sources */ = {
			isa = PBXSourcesBuildPhase;
			buildActionMask = 2147483647;
			files = (
				F4CBCF7C268254FE00609FD5 /* InputViewController.swift in Sources */,
				F4A6A5E8269398DF006264E4 /* ThirdSide.swift in Sources */,
				F407B1ED26A445910085820E /* ResultViewController.swift in Sources */,
				F4CBCF78268254FE00609FD5 /* AppDelegate.swift in Sources */,
				F448540B268E578500D9DB1E /* CalculatorBrain.swift in Sources */,
				F4CBCF7A268254FE00609FD5 /* SceneDelegate.swift in Sources */,
			);
			runOnlyForDeploymentPostprocessing = 0;
		};
/* End PBXSourcesBuildPhase section */

/* Begin PBXVariantGroup section */
		F4CBCF7D268254FE00609FD5 /* Main.storyboard */ = {
			isa = PBXVariantGroup;
			children = (
				F4CBCF7E268254FE00609FD5 /* Base */,
			);
			name = Main.storyboard;
			sourceTree = "<group>";
		};
		F4CBCF82268254FE00609FD5 /* LaunchScreen.storyboard */ = {
			isa = PBXVariantGroup;
			children = (
				F4CBCF83268254FE00609FD5 /* Base */,
			);
			name = LaunchScreen.storyboard;
			sourceTree = "<group>";
		};
/* End PBXVariantGroup section */

/* Begin XCBuildConfiguration section */
		F4CBCF86268254FE00609FD5 /* Debug */ = {
			isa = XCBuildConfiguration;
			buildSettings = {
				ALWAYS_SEARCH_USER_PATHS = NO;
				CLANG_ANALYZER_NONNULL = YES;
				CLANG_ANALYZER_NUMBER_OBJECT_CONVERSION = YES_AGGRESSIVE;
				CLANG_CXX_LANGUAGE_STANDARD = "gnu++14";
				CLANG_CXX_LIBRARY = "libc++";
				CLANG_ENABLE_MODULES = YES;
				CLANG_ENABLE_OBJC_ARC = YES;
				CLANG_ENABLE_OBJC_WEAK = YES;
				CLANG_WARN_BLOCK_CAPTURE_AUTORELEASING = YES;
				CLANG_WARN_BOOL_CONVERSION = YES;
				CLANG_WARN_COMMA = YES;
				CLANG_WARN_CONSTANT_CONVERSION = YES;
				CLANG_WARN_DEPRECATED_OBJC_IMPLEMENTATIONS = YES;
				CLANG_WARN_DIRECT_OBJC_ISA_USAGE = YES_ERROR;
				CLANG_WARN_DOCUMENTATION_COMMENTS = YES;
				CLANG_WARN_EMPTY_BODY = YES;
				CLANG_WARN_ENUM_CONVERSION = YES;
				CLANG_WARN_INFINITE_RECURSION = YES;
				CLANG_WARN_INT_CONVERSION = YES;
				CLANG_WARN_NON_LITERAL_NULL_CONVERSION = YES;
				CLANG_WARN_OBJC_IMPLICIT_RETAIN_SELF = YES;
				CLANG_WARN_OBJC_LITERAL_CONVERSION = YES;
				CLANG_WARN_OBJC_ROOT_CLASS = YES_ERROR;
				CLANG_WARN_QUOTED_INCLUDE_IN_FRAMEWORK_HEADER = YES;
				CLANG_WARN_RANGE_LOOP_ANALYSIS = YES;
				CLANG_WARN_STRICT_PROTOTYPES = YES;
				CLANG_WARN_SUSPICIOUS_MOVE = YES;
				CLANG_WARN_UNGUARDED_AVAILABILITY = YES_AGGRESSIVE;
				CLANG_WARN_UNREACHABLE_CODE = YES;
				CLANG_WARN__DUPLICATE_METHOD_MATCH = YES;
				COPY_PHASE_STRIP = NO;
				DEBUG_INFORMATION_FORMAT = dwarf;
				ENABLE_STRICT_OBJC_MSGSEND = YES;
				ENABLE_TESTABILITY = YES;
				GCC_C_LANGUAGE_STANDARD = gnu11;
				GCC_DYNAMIC_NO_PIC = NO;
				GCC_NO_COMMON_BLOCKS = YES;
				GCC_OPTIMIZATION_LEVEL = 0;
				GCC_PREPROCESSOR_DEFINITIONS = (
					"DEBUG=1",
					"$(inherited)",
				);
				GCC_WARN_64_TO_32_BIT_CONVERSION = YES;
				GCC_WARN_ABOUT_RETURN_TYPE = YES_ERROR;
				GCC_WARN_UNDECLARED_SELECTOR = YES;
				GCC_WARN_UNINITIALIZED_AUTOS = YES_AGGRESSIVE;
				GCC_WARN_UNUSED_FUNCTION = YES;
				GCC_WARN_UNUSED_VARIABLE = YES;
				IPHONEOS_DEPLOYMENT_TARGET = 16.2;
				MTL_ENABLE_DEBUG_INFO = INCLUDE_SOURCE;
				MTL_FAST_MATH = YES;
				ONLY_ACTIVE_ARCH = YES;
				SDKROOT = iphoneos;
				SWIFT_ACTIVE_COMPILATION_CONDITIONS = DEBUG;
				SWIFT_OPTIMIZATION_LEVEL = "-Onone";
			};
			name = Debug;
		};
		F4CBCF87268254FE00609FD5 /* Release */ = {
			isa = XCBuildConfiguration;
			buildSettings = {
				ALWAYS_SEARCH_USER_PATHS = NO;
				CLANG_ANALYZER_NONNULL = YES;
				CLANG_ANALYZER_NUMBER_OBJECT_CONVERSION = YES_AGGRESSIVE;
				CLANG_CXX_LANGUAGE_STANDARD = "gnu++14";
				CLANG_CXX_LIBRARY = "libc++";
				CLANG_ENABLE_MODULES = YES;
				CLANG_ENABLE_OBJC_ARC = YES;
				CLANG_ENABLE_OBJC_WEAK = YES;
				CLANG_WARN_BLOCK_CAPTURE_AUTORELEASING = YES;
				CLANG_WARN_BOOL_CONVERSION = YES;
				CLANG_WARN_COMMA = YES;
				CLANG_WARN_CONSTANT_CONVERSION = YES;
				CLANG_WARN_DEPRECATED_OBJC_IMPLEMENTATIONS = YES;
				CLANG_WARN_DIRECT_OBJC_ISA_USAGE = YES_ERROR;
				CLANG_WARN_DOCUMENTATION_COMMENTS = YES;
				CLANG_WARN_EMPTY_BODY = YES;
				CLANG_WARN_ENUM_CONVERSION = YES;
				CLANG_WARN_INFINITE_RECURSION = YES;
				CLANG_WARN_INT_CONVERSION = YES;
				CLANG_WARN_NON_LITERAL_NULL_CONVERSION = YES;
				CLANG_WARN_OBJC_IMPLICIT_RETAIN_SELF = YES;
				CLANG_WARN_OBJC_LITERAL_CONVERSION = YES;
				CLANG_WARN_OBJC_ROOT_CLASS = YES_ERROR;
				CLANG_WARN_QUOTED_INCLUDE_IN_FRAMEWORK_HEADER = YES;
				CLANG_WARN_RANGE_LOOP_ANALYSIS = YES;
				CLANG_WARN_STRICT_PROTOTYPES = YES;
				CLANG_WARN_SUSPICIOUS_MOVE = YES;
				CLANG_WARN_UNGUARDED_AVAILABILITY = YES_AGGRESSIVE;
				CLANG_WARN_UNREACHABLE_CODE = YES;
				CLANG_WARN__DUPLICATE_METHOD_MATCH = YES;
				COPY_PHASE_STRIP = NO;
				DEBUG_INFORMATION_FORMAT = "dwarf-with-dsym";
				ENABLE_NS_ASSERTIONS = NO;
				ENABLE_STRICT_OBJC_MSGSEND = YES;
				GCC_C_LANGUAGE_STANDARD = gnu11;
				GCC_NO_COMMON_BLOCKS = YES;
				GCC_WARN_64_TO_32_BIT_CONVERSION = YES;
				GCC_WARN_ABOUT_RETURN_TYPE = YES_ERROR;
				GCC_WARN_UNDECLARED_SELECTOR = YES;
				GCC_WARN_UNINITIALIZED_AUTOS = YES_AGGRESSIVE;
				GCC_WARN_UNUSED_FUNCTION = YES;
				GCC_WARN_UNUSED_VARIABLE = YES;
				IPHONEOS_DEPLOYMENT_TARGET = 16.2;
				MTL_ENABLE_DEBUG_INFO = NO;
				MTL_FAST_MATH = YES;
				SDKROOT = iphoneos;
				SWIFT_COMPILATION_MODE = wholemodule;
				SWIFT_OPTIMIZATION_LEVEL = "-O";
				VALIDATE_PRODUCT = YES;
			};
			name = Release;
		};
		F4CBCF89268254FE00609FD5 /* Debug */ = {
			isa = XCBuildConfiguration;
			buildSettings = {
				ASSETCATALOG_COMPILER_APPICON_NAME = AppIcon;
				ASSETCATALOG_COMPILER_GLOBAL_ACCENT_COLOR_NAME = AccentColor;
				CODE_SIGN_STYLE = Automatic;
				DEVELOPMENT_TEAM = 56AB9A2723;
				INFOPLIST_FILE = "Pythagorean Finder/Info.plist";
				IPHONEOS_DEPLOYMENT_TARGET = 16.2;
				LD_RUNPATH_SEARCH_PATHS = (
					"$(inherited)",
					"@executable_path/Frameworks",
				);
				PRODUCT_BUNDLE_IDENTIFIER = "com.MyXcodeProjects.Pythagorean-Finder";
				PRODUCT_NAME = "$(TARGET_NAME)";
				SWIFT_VERSION = 5.0;
				TARGETED_DEVICE_FAMILY = "1,2";
			};
			name = Debug;
		};
		F4CBCF8A268254FE00609FD5 /* Release */ = {
			isa = XCBuildConfiguration;
			buildSettings = {
				ASSETCATALOG_COMPILER_APPICON_NAME = AppIcon;
				ASSETCATALOG_COMPILER_GLOBAL_ACCENT_COLOR_NAME = AccentColor;
				CODE_SIGN_STYLE = Automatic;
				DEVELOPMENT_TEAM = 56AB9A2723;
				INFOPLIST_FILE = "Pythagorean Finder/Info.plist";
				IPHONEOS_DEPLOYMENT_TARGET = 16.2;
				LD_RUNPATH_SEARCH_PATHS = (
					"$(inherited)",
					"@executable_path/Frameworks",
				);
				PRODUCT_BUNDLE_IDENTIFIER = "com.MyXcodeProjects.Pythagorean-Finder";
				PRODUCT_NAME = "$(TARGET_NAME)";
				SWIFT_VERSION = 5.0;
				TARGETED_DEVICE_FAMILY = "1,2";
			};
			name = Release;
		};
/* End XCBuildConfiguration section */

/* Begin XCConfigurationList section */
		F4CBCF6F268254FE00609FD5 /* Build configuration list for PBXProject "Pythagorean Finder" */ = {
			isa = XCConfigurationList;
			buildConfigurations = (
				F4CBCF86268254FE00609FD5 /* Debug */,
				F4CBCF87268254FE00609FD5 /* Release */,
			);
			defaultConfigurationIsVisible = 0;
			defaultConfigurationName = Release;
		};
		F4CBCF88268254FE00609FD5 /* Build configuration list for PBXNativeTarget "Pythagorean Finder" */ = {
			isa = XCConfigurationList;
			buildConfigurations = (
				F4CBCF89268254FE00609FD5 /* Debug */,
				F4CBCF8A268254FE00609FD5 /* Release */,
			);
			defaultConfigurationIsVisible = 0;
			defaultConfigurationName = Release;
		};
/* End XCConfigurationList section */
	};
	rootObject = F4CBCF6C268254FE00609FD5 /* Project object */;
}
